{
  "name": "hiverelay-blind-daemon-image",
  "version": "0.0.0-draft.1",
  "lockfileVersion": 3,
  "requires": true,
  "packages": {
    "": {
      "name": "hiverelay-blind-daemon-image",
      "version": "0.0.0-draft.1",
      "license": "Apache-2.0",
      "dependencies": {
        "@hiverelay/blind-daemon": "file:../../../packages/blind-daemon",
        "@hiverelay/blind-ipc": "file:../../../packages/blind-ipc",
        "@hiverelay/blind-peercred": "file:../../../packages/blind-peercred",
        "@hiverelay/blind-protocol": "file:../../../packages/blind-protocol"
      },
      "engines": {
        "node": ">=20.0.0"
      }
    },
    "node_modules/@hiverelay/blind-daemon": {
      "version": "0.0.0-draft.1",
      "resolved": "file:../../../packages/blind-daemon",
      "license": "Apache-2.0",
      "dependencies": {
        "@hiverelay/blind-ipc": "0.0.0-draft.1",
        "@hiverelay/blind-peercred": "0.0.0-draft.1",
        "@hiverelay/blind-protocol": "0.0.0-draft.1",
        "b4a": "^1.6.6",
        "sodium-universal": "^4.0.0"
      },
      "bin": {
        "hiverelay-blind-daemon": "cli.js"
      },
      "engines": {
        "node": ">=20.0.0"
      }
    },
    "node_modules/@hiverelay/blind-ipc": {
      "version": "0.0.0-draft.1",
      "resolved": "file:../../../packages/blind-ipc",
      "license": "Apache-2.0",
      "dependencies": {
        "@hiverelay/blind-protocol": "0.0.0-draft.1",
        "b4a": "^1.6.6",
        "compact-encoding": "^2.15.0"
      },
      "engines": {
        "node": ">=20.0.0"
      }
    },
    "node_modules/@hiverelay/blind-peercred": {
      "version": "0.0.0-draft.1",
      "resolved": "file:../../../packages/blind-peercred",
      "hasInstallScript": true,
      "license": "Apache-2.0",
      "engines": {
        "node": ">=20.0.0"
      }
    },
    "node_modules/@hiverelay/blind-protocol": {
      "version": "0.0.0-draft.1",
      "resolved": "file:../../../packages/blind-protocol",
      "license": "Apache-2.0",
      "dependencies": {
        "b4a": "^1.6.6",
        "compact-encoding": "^2.15.0",
        "sodium-universal": "^4.0.0"
      },
      "engines": {
        "node": ">=20.0.0"
      }
    },
    "node_modules/b4a": {
      "version": "1.8.1",
      "resolved": "https://registry.npmjs.org/b4a/-/b4a-1.8.1.tgz",
      "integrity": "sha512-aiqre1Nr0B/6DgE2N5vwTc+2/oQZ4Wh1t4NznYY4E00y8LCt6NqdRv81so00oo27D8MVKTpUa/MwUUtBLXCoDw==",
      "license": "Apache-2.0",
      "peerDependencies": {
        "react-native-b4a": "*"
      },
      "peerDependenciesMeta": {
        "react-native-b4a": {
          "optional": true
        }
      }
    },
    "node_modules/bare-addon-resolve": {
      "version": "1.10.0",
      "resolved": "https://registry.npmjs.org/bare-addon-resolve/-/bare-addon-resolve-1.10.0.tgz",
      "integrity": "sha512-sSd0jieRJlDaODOzj0oe0RjFVC1QI0ZIjGIdPkbrTXsdVVtENg14c+lHHAhHwmWCZ2nQlMhy8jA3Y5LYPc/isA==",
      "license": "Apache-2.0",
      "dependencies": {
        "bare-module-resolve": "^1.10.0",
        "bare-semver": "^1.0.0"
      },
      "peerDependencies": {
        "bare-url": "*"
      },
      "peerDependenciesMeta": {
        "bare-url": {
          "optional": true
        }
      }
    },
    "node_modules/bare-module-resolve": {
      "version": "1.12.2",
      "resolved": "https://registry.npmjs.org/bare-module-resolve/-/bare-module-resolve-1.12.2.tgz",
      "integrity": "sha512-j+hiD5k99qec4KjJvYsI67q5AOBifmy9JG3oeMVxTmvrhn2sIdp8StrUvZu4YNgwTpO+NhniQG16N1ETDe1k5w==",
      "license": "Apache-2.0",
      "dependencies": {
        "bare-semver": "^1.0.0"
      },
      "peerDependencies": {
        "bare-url": "*"
      },
      "peerDependenciesMeta": {
        "bare-url": {
          "optional": true
        }
      }
    },
    "node_modules/bare-semver": {
      "version": "1.1.0",
      "resolved": "https://registry.npmjs.org/bare-semver/-/bare-semver-1.1.0.tgz",
      "integrity": "sha512-1Hw5qJ7hXdVt3uPUqjeFTuxyvBUJauvz5A1I2jk8gzjZMHp04n//6nV9MDbG9CMw78JHY2lGV0w6s//LrASm2w==",
      "license": "Apache-2.0"
    },
    "node_modules/compact-encoding": {
      "version": "2.19.2",
      "resolved": "https://registry.npmjs.org/compact-encoding/-/compact-encoding-2.19.2.tgz",
      "integrity": "sha512-/YjhHQE/5L4F7l5Bht69dRbP9RV6zoJPeowi8bMKQxNKe3Nh6hOY8pBGoVE9fz5GaWfEd8fWJ2aU9sB4KZuMYg==",
      "license": "Apache-2.0",
      "dependencies": {
        "b4a": "^1.3.0"
      }
    },
    "node_modules/require-addon": {
      "version": "1.2.0",
      "resolved": "https://registry.npmjs.org/require-addon/-/require-addon-1.2.0.tgz",
      "integrity": "sha512-VNPDZlYgIYQwWp9jMTzljx+k0ZtatKlcvOhktZ/anNPI3dQ9NXk7cq2U4iJ1wd9IrytRnYhyEocFWbkdPb+MYA==",
      "license": "Apache-2.0",
      "dependencies": {
        "bare-addon-resolve": "^1.3.0"
      },
      "engines": {
        "bare": ">=1.10.0"
      }
    },
    "node_modules/sodium-native": {
      "version": "4.3.3",
      "resolved": "https://registry.npmjs.org/sodium-native/-/sodium-native-4.3.3.tgz",
      "integrity": "sha512-OnxSlN3uyY8D0EsLHpmm2HOFmKddQVvEMmsakCrXUzSd8kjjbzL413t4ZNF3n0UxSwNgwTyUvkmZHTfuCeiYSw==",
      "license": "MIT",
      "dependencies": {
        "require-addon": "^1.1.0"
      }
    },
    "node_modules/sodium-universal": {
      "version": "4.0.1",
      "resolved": "https://registry.npmjs.org/sodium-universal/-/sodium-universal-4.0.1.tgz",
      "integrity": "sha512-sNp13PrxYLaUFHTGoDKkSDFvoEu51bfzE12RwGlqU1fcrkpAOK0NvizaJzOWV0Omtk9me2+Pnbjcf/l0efxuGQ==",
      "license": "MIT",
      "dependencies": {
        "sodium-native": "^4.0.0"
      },
      "peerDependencies": {
        "sodium-javascript": "~0.8.0"
      },
      "peerDependenciesMeta": {
        "sodium-javascript": {
          "optional": true
        }
      }
    }
  }
}
